
Microsoft Visual Studio Solution File, Format Version 12.00
# Visual Studio 15
VisualStudioVersion = 15.0.27428.2037
MinimumVisualStudioVersion = 10.0.40219.1
Project("{FAE04EC0-301F-11D3-BF4B-00C04F79EFBC}") = "PalindromeCodingChallenge", "PalindromeCodingChallenge\PalindromeCodingChallenge.csproj", "{9C07103B-E020-46F0-B281-C02227FA56C6}"
EndProject
Project("{FAE04EC0-301F-11D3-BF4B-00C04F79EFBC}") = "PalindromeCodingChallengeUnitTest", "PalindromeCodingChallengeUnitTest\PalindromeCodingChallengeUnitTest.csproj", "{7A5F4F67-B7CC-45C3-BE88-D06FDB992FCD}"
EndProject
Project("{FAE04EC0-301F-11D3-BF4B-00C04F79EFBC}") = "Console", "Console\Console.csproj", "{E23EDC28-3DD1-43B1-B8D7-DC78D382D805}"
EndProject
Global
	GlobalSection(SolutionConfigurationPlatforms) = preSolution
		Debug|Any CPU = Debug|Any CPU
		Release|Any CPU = Release|Any CPU
	EndGlobalSection
	GlobalSection(ProjectConfigurationPlatforms) = postSolution
		{9C07103B-E020-46F0-B281-C02227FA56C6}.Debug|Any CPU.ActiveCfg = Debug|Any CPU
		{9C07103B-E020-46F0-B281-C02227FA56C6}.Debug|Any CPU.Build.0 = Debug|Any CPU
		{9C07103B-E020-46F0-B281-C02227FA56C6}.Release|Any CPU.ActiveCfg = Release|Any CPU
		{9C07103B-E020-46F0-B281-C02227FA56C6}.Release|Any CPU.Build.0 = Release|Any CPU
		{7A5F4F67-B7CC-45C3-BE88-D06FDB992FCD}.Debug|Any CPU.ActiveCfg = Debug|Any CPU
		{7A5F4F67-B7CC-45C3-BE88-D06FDB992FCD}.Debug|Any CPU.Build.0 = Debug|Any CPU
		{7A5F4F67-B7CC-45C3-BE88-D06FDB992FCD}.Release|Any CPU.ActiveCfg = Release|Any CPU
		{7A5F4F67-B7CC-45C3-BE88-D06FDB992FCD}.Release|Any CPU.Build.0 = Release|Any CPU
		{E23EDC28-3DD1-43B1-B8D7-DC78D382D805}.Debug|Any CPU.ActiveCfg = Debug|Any CPU
		{E23EDC28-3DD1-43B1-B8D7-DC78D382D805}.Debug|Any CPU.Build.0 = Debug|Any CPU
		{E23EDC28-3DD1-43B1-B8D7-DC78D382D805}.Release|Any CPU.ActiveCfg = Release|Any CPU
		{E23EDC28-3DD1-43B1-B8D7-DC78D382D805}.Release|Any CPU.Build.0 = Release|Any CPU
	EndGlobalSection
	GlobalSection(SolutionProperties) = preSolution
		HideSolutionNode = FALSE
	EndGlobalSection
	GlobalSection(ExtensibilityGlobals) = postSolution
		SolutionGuid = {8C143239-FE1A-40C0-8CA2-11FD9A80761D}
	EndGlobalSection
EndGlobal
